github.com/acreegan/wowchemy-hugo-modules/wowchemy v0.0.0-20210303002101-57fb10c366b9 h1:ELXkzVoRCAxvhvzJKjwagUvgC74lJmz6w1q+/GqXFRI=
github.com/acreegan/wowchemy-hugo-modules/wowchemy v0.0.0-20210303002101-57fb10c366b9/go.mod h1:eyghc5x/+WsJ5lUm3oKXj//cUiaaoLvJMXVlJ2M9gdQ=
github.com/acreegan/wowchemy-hugo-modules/wowchemy-cms v0.0.0-20210303002101-57fb10c366b9 h1:jX2vedMkWy3I+GEqhlxqJt1dXa9/z1arJGSLbftSawc=
github.com/acreegan/wowchemy-hugo-modules/wowchemy-cms v0.0.0-20210303002101-57fb10c366b9/go.mod h1:2Ag5flkUjA8mXFQ/vNtlUcb7b9IsQXQsTDcgwujSoWc=
github.com/acreegan/wowchemy-hugo-modules/wowchemy-cms/v6 v6.0.0-20210303093849-24f2bc414e1b h1:M4NTzuBCusBVzyaf7MkCsQ+X67gXzpMHyRKdDN1kEgU=
github.com/acreegan/wowchemy-hugo-modules/wowchemy-cms/v6 v6.0.0-20210303093849-24f2bc414e1b/go.mod h1:QzxZXFj2w7CIjxY+zVgV0cPuTb8KQaNqnr/D8d2qYpg=
github.com/acreegan/wowchemy-hugo-modules/wowchemy/v6 v6.0.0-20210303093849-24f2bc414e1b h1:u+O6YZ9mWjn8T5Og4RokZt7smpopf5Uc1ykxl7sIsIo=
github.com/acreegan/wowchemy-hugo-modules/wowchemy/v6 v6.0.0-20210303093849-24f2bc414e1b/go.mod h1:xTJeTzs3tNpyYHeuU++6UWW+7C+YHLMCwohaTmBPuKo=
github.com/wowchemy/wowchemy-hugo-modules/wowchemy v0.0.0-20210226164504-3952bfc85cee h1:fzgNvnmzCL2gjkMPme48DVakKsRw/iWKJIRgXyYI/bg=
github.com/wowchemy/wowchemy-hugo-modules/wowchemy v0.0.0-20210226164504-3952bfc85cee/go.mod h1:H22qfH9qj3FWwsk7+bAZpmT24yRGNQURah2/IRwjbn8=
github.com/wowchemy/wowchemy-hugo-modules/wowchemy-cms v0.0.0-20210226164504-3952bfc85cee h1:NMXbMGtvC1+JMYFceNLhin1Or002v0/aGfQ/WlUhD1o=
github.com/wowchemy/wowchemy-hugo-modules/wowchemy-cms v0.0.0-20210226164504-3952bfc85cee/go.mod h1:AKpYbqUVlj0VYsc7Jsxe1o8Ko2yV31A5ZPdfpACcXJw=
